
Microsoft Visual Studio Solution File, Format Version 12.00
# Visual Studio Version 16
VisualStudioVersion = 16.0.29403.142
MinimumVisualStudioVersion = 10.0.40219.1
Project("{8BC9CEB8-8B4A-11D0-8D11-00A0C91BC942}") = "P27", "P27\P27.vcxproj", "{F19080A8-BDBB-419E-A9B8-AE0FB74BCCBB}"
EndProject
Global
	GlobalSection(SolutionConfigurationPlatforms) = preSolution
		Debug|x64 = Debug|x64
		Debug|x86 = Debug|x86
		Release|x64 = Release|x64
		Release|x86 = Release|x86
	EndGlobalSection
	GlobalSection(ProjectConfigurationPlatforms) = postSolution
		{F19080A8-BDBB-419E-A9B8-AE0FB74BCCBB}.Debug|x64.ActiveCfg = Debug|x64
		{F19080A8-BDBB-419E-A9B8-AE0FB74BCCBB}.Debug|x64.Build.0 = Debug|x64
		{F19080A8-BDBB-419E-A9B8-AE0FB74BCCBB}.Debug|x86.ActiveCfg = Debug|Win32
		{F19080A8-BDBB-419E-A9B8-AE0FB74BCCBB}.Debug|x86.Build.0 = Debug|Win32
		{F19080A8-BDBB-419E-A9B8-AE0FB74BCCBB}.Release|x64.ActiveCfg = Release|x64
		{F19080A8-BDBB-419E-A9B8-AE0FB74BCCBB}.Release|x64.Build.0 = Release|x64
		{F19080A8-BDBB-419E-A9B8-AE0FB74BCCBB}.Release|x86.ActiveCfg = Release|Win32
		{F19080A8-BDBB-419E-A9B8-AE0FB74BCCBB}.Release|x86.Build.0 = Release|Win32
	EndGlobalSection
	GlobalSection(SolutionProperties) = preSolution
		HideSolutionNode = FALSE
	EndGlobalSection
	GlobalSection(ExtensibilityGlobals) = postSolution
		SolutionGuid = {C2286772-C610-47E0-AD02-934E00FD9B30}
	EndGlobalSection
EndGlobal
